
Microsoft Visual Studio Solution File, Format Version 12.00
# Visual Studio Version 17
VisualStudioVersion = 17.6.33815.320
MinimumVisualStudioVersion = 10.0.40219.1
Project("{9A19103F-16F7-4668-BE54-9A1E7A4F7556}") = "BusinessObject", "BussinessObject\BusinessObject.csproj", "{6DE2DF92-FA52-4C6C-98EC-C1003113A249}"
EndProject
Project("{9A19103F-16F7-4668-BE54-9A1E7A4F7556}") = "DataAccess", "DataAccess\DataAccess.csproj", "{BCFA6D92-F6DD-44DB-B17C-5BEF57D74B25}"
EndProject
Project("{FAE04EC0-301F-11D3-BF4B-00C04F79EFBC}") = "Repository", "Repository\Repository.csproj", "{0B27AE2C-5807-4361-BA66-C24997CF58E2}"
EndProject
Global
	GlobalSection(SolutionConfigurationPlatforms) = preSolution
		Debug|Any CPU = Debug|Any CPU
		Release|Any CPU = Release|Any CPU
	EndGlobalSection
	GlobalSection(ProjectConfigurationPlatforms) = postSolution
		{6DE2DF92-FA52-4C6C-98EC-C1003113A249}.Debug|Any CPU.ActiveCfg = Debug|Any CPU
		{6DE2DF92-FA52-4C6C-98EC-C1003113A249}.Debug|Any CPU.Build.0 = Debug|Any CPU
		{6DE2DF92-FA52-4C6C-98EC-C1003113A249}.Release|Any CPU.ActiveCfg = Release|Any CPU
		{6DE2DF92-FA52-4C6C-98EC-C1003113A249}.Release|Any CPU.Build.0 = Release|Any CPU
		{BCFA6D92-F6DD-44DB-B17C-5BEF57D74B25}.Debug|Any CPU.ActiveCfg = Debug|Any CPU
		{BCFA6D92-F6DD-44DB-B17C-5BEF57D74B25}.Debug|Any CPU.Build.0 = Debug|Any CPU
		{BCFA6D92-F6DD-44DB-B17C-5BEF57D74B25}.Release|Any CPU.ActiveCfg = Release|Any CPU
		{BCFA6D92-F6DD-44DB-B17C-5BEF57D74B25}.Release|Any CPU.Build.0 = Release|Any CPU
		{0B27AE2C-5807-4361-BA66-C24997CF58E2}.Debug|Any CPU.ActiveCfg = Debug|Any CPU
		{0B27AE2C-5807-4361-BA66-C24997CF58E2}.Debug|Any CPU.Build.0 = Debug|Any CPU
		{0B27AE2C-5807-4361-BA66-C24997CF58E2}.Release|Any CPU.ActiveCfg = Release|Any CPU
		{0B27AE2C-5807-4361-BA66-C24997CF58E2}.Release|Any CPU.Build.0 = Release|Any CPU
	EndGlobalSection
	GlobalSection(SolutionProperties) = preSolution
		HideSolutionNode = FALSE
	EndGlobalSection
	GlobalSection(ExtensibilityGlobals) = postSolution
		SolutionGuid = {B2B7335C-5EAF-433F-8FC6-A6978347FA1B}
	EndGlobalSection
EndGlobal
