
Microsoft Visual Studio Solution File, Format Version 12.00
# Visual Studio Version 17
VisualStudioVersion = 17.6.33829.357
MinimumVisualStudioVersion = 10.0.40219.1
Project("{FAE04EC0-301F-11D3-BF4B-00C04F79EFBC}") = "BusinessObject", "BusinessObject\BusinessObject.csproj", "{E6164A17-AD0D-4A64-8D5B-791F7DD1C5A9}"
EndProject
Project("{FAE04EC0-301F-11D3-BF4B-00C04F79EFBC}") = "DataAccess", "DataAccess\DataAccess.csproj", "{30199632-16DB-4D63-AD8F-B9648701AF64}"
EndProject
Project("{FAE04EC0-301F-11D3-BF4B-00C04F79EFBC}") = "Repository", "Repository\Repository.csproj", "{66E7678C-580D-4DD0-AE37-CD0F7F53BF37}"
EndProject
Global
	GlobalSection(SolutionConfigurationPlatforms) = preSolution
		Debug|Any CPU = Debug|Any CPU
		Release|Any CPU = Release|Any CPU
	EndGlobalSection
	GlobalSection(ProjectConfigurationPlatforms) = postSolution
		{E6164A17-AD0D-4A64-8D5B-791F7DD1C5A9}.Debug|Any CPU.ActiveCfg = Debug|Any CPU
		{E6164A17-AD0D-4A64-8D5B-791F7DD1C5A9}.Debug|Any CPU.Build.0 = Debug|Any CPU
		{E6164A17-AD0D-4A64-8D5B-791F7DD1C5A9}.Release|Any CPU.ActiveCfg = Release|Any CPU
		{E6164A17-AD0D-4A64-8D5B-791F7DD1C5A9}.Release|Any CPU.Build.0 = Release|Any CPU
		{30199632-16DB-4D63-AD8F-B9648701AF64}.Debug|Any CPU.ActiveCfg = Debug|Any CPU
		{30199632-16DB-4D63-AD8F-B9648701AF64}.Debug|Any CPU.Build.0 = Debug|Any CPU
		{30199632-16DB-4D63-AD8F-B9648701AF64}.Release|Any CPU.ActiveCfg = Release|Any CPU
		{30199632-16DB-4D63-AD8F-B9648701AF64}.Release|Any CPU.Build.0 = Release|Any CPU
		{66E7678C-580D-4DD0-AE37-CD0F7F53BF37}.Debug|Any CPU.ActiveCfg = Debug|Any CPU
		{66E7678C-580D-4DD0-AE37-CD0F7F53BF37}.Debug|Any CPU.Build.0 = Debug|Any CPU
		{66E7678C-580D-4DD0-AE37-CD0F7F53BF37}.Release|Any CPU.ActiveCfg = Release|Any CPU
		{66E7678C-580D-4DD0-AE37-CD0F7F53BF37}.Release|Any CPU.Build.0 = Release|Any CPU
	EndGlobalSection
	GlobalSection(SolutionProperties) = preSolution
		HideSolutionNode = FALSE
	EndGlobalSection
	GlobalSection(ExtensibilityGlobals) = postSolution
		SolutionGuid = {20FA106C-CDEC-4F46-A2D6-7251C80D4476}
	EndGlobalSection
EndGlobal
